
Microsoft Visual Studio Solution File, Format Version 12.00
# Visual Studio 15
VisualStudioVersion = 15.0.27703.2035
MinimumVisualStudioVersion = 10.0.40219.1
Project("{9A19103F-16F7-4668-BE54-9A1E7A4F7556}") = "ConsoleTest", "ConsoleTest\ConsoleTest.csproj", "{E7011466-1A87-42B4-9837-4419FFD12205}"
EndProject
Project("{9A19103F-16F7-4668-BE54-9A1E7A4F7556}") = "UnitTest", "UnitTests\UnitTest.csproj", "{57291979-F2A5-4EF0-8238-5CCAFFC2583D}"
EndProject
Project("{FAE04EC0-301F-11D3-BF4B-00C04F79EFBC}") = "WpfTest", "WpfTest\WpfTest.csproj", "{2BE247C9-4466-4693-B220-398B0B1EF4DA}"
EndProject
Project("{2150E333-8FDC-42A3-9474-1A3956D46DE8}") = "Data", "Data", "{59B4D75D-D2DD-4F23-93B0-663AE697771D}"
	ProjectSection(SolutionItems) = preProject
		Data\Draft.txt = Data\Draft.txt
	EndProjectSection
EndProject
Project("{9A19103F-16F7-4668-BE54-9A1E7A4F7556}") = "Structure", "Structure\Structure.csproj", "{49B1F548-8969-43D2-B4F2-AD167BBDC6F4}"
EndProject
Project("{9A19103F-16F7-4668-BE54-9A1E7A4F7556}") = "Creation", "Creation\Creation.csproj", "{6118BE07-0A15-4DCB-8A81-F8E9C96E2672}"
EndProject
Project("{9A19103F-16F7-4668-BE54-9A1E7A4F7556}") = "Behavior", "Behavior\Behavior.csproj", "{CDF9F60A-16CD-4E1D-BE21-3BD53B7732FE}"
EndProject
Global
	GlobalSection(SolutionConfigurationPlatforms) = preSolution
		Debug|Any CPU = Debug|Any CPU
		Release|Any CPU = Release|Any CPU
	EndGlobalSection
	GlobalSection(ProjectConfigurationPlatforms) = postSolution
		{E7011466-1A87-42B4-9837-4419FFD12205}.Debug|Any CPU.ActiveCfg = Debug|Any CPU
		{E7011466-1A87-42B4-9837-4419FFD12205}.Debug|Any CPU.Build.0 = Debug|Any CPU
		{E7011466-1A87-42B4-9837-4419FFD12205}.Release|Any CPU.ActiveCfg = Release|Any CPU
		{E7011466-1A87-42B4-9837-4419FFD12205}.Release|Any CPU.Build.0 = Release|Any CPU
		{57291979-F2A5-4EF0-8238-5CCAFFC2583D}.Debug|Any CPU.ActiveCfg = Debug|Any CPU
		{57291979-F2A5-4EF0-8238-5CCAFFC2583D}.Debug|Any CPU.Build.0 = Debug|Any CPU
		{57291979-F2A5-4EF0-8238-5CCAFFC2583D}.Release|Any CPU.ActiveCfg = Release|Any CPU
		{57291979-F2A5-4EF0-8238-5CCAFFC2583D}.Release|Any CPU.Build.0 = Release|Any CPU
		{2BE247C9-4466-4693-B220-398B0B1EF4DA}.Debug|Any CPU.ActiveCfg = Debug|Any CPU
		{2BE247C9-4466-4693-B220-398B0B1EF4DA}.Debug|Any CPU.Build.0 = Debug|Any CPU
		{2BE247C9-4466-4693-B220-398B0B1EF4DA}.Release|Any CPU.ActiveCfg = Release|Any CPU
		{2BE247C9-4466-4693-B220-398B0B1EF4DA}.Release|Any CPU.Build.0 = Release|Any CPU
		{49B1F548-8969-43D2-B4F2-AD167BBDC6F4}.Debug|Any CPU.ActiveCfg = Debug|Any CPU
		{49B1F548-8969-43D2-B4F2-AD167BBDC6F4}.Debug|Any CPU.Build.0 = Debug|Any CPU
		{49B1F548-8969-43D2-B4F2-AD167BBDC6F4}.Release|Any CPU.ActiveCfg = Release|Any CPU
		{49B1F548-8969-43D2-B4F2-AD167BBDC6F4}.Release|Any CPU.Build.0 = Release|Any CPU
		{6118BE07-0A15-4DCB-8A81-F8E9C96E2672}.Debug|Any CPU.ActiveCfg = Debug|Any CPU
		{6118BE07-0A15-4DCB-8A81-F8E9C96E2672}.Debug|Any CPU.Build.0 = Debug|Any CPU
		{6118BE07-0A15-4DCB-8A81-F8E9C96E2672}.Release|Any CPU.ActiveCfg = Release|Any CPU
		{6118BE07-0A15-4DCB-8A81-F8E9C96E2672}.Release|Any CPU.Build.0 = Release|Any CPU
		{CDF9F60A-16CD-4E1D-BE21-3BD53B7732FE}.Debug|Any CPU.ActiveCfg = Debug|Any CPU
		{CDF9F60A-16CD-4E1D-BE21-3BD53B7732FE}.Debug|Any CPU.Build.0 = Debug|Any CPU
		{CDF9F60A-16CD-4E1D-BE21-3BD53B7732FE}.Release|Any CPU.ActiveCfg = Release|Any CPU
		{CDF9F60A-16CD-4E1D-BE21-3BD53B7732FE}.Release|Any CPU.Build.0 = Release|Any CPU
	EndGlobalSection
	GlobalSection(SolutionProperties) = preSolution
		HideSolutionNode = FALSE
	EndGlobalSection
	GlobalSection(ExtensibilityGlobals) = postSolution
		SolutionGuid = {74EAD0AF-7EE3-4416-A05F-836DB9F75B65}
	EndGlobalSection
EndGlobal
